// !$*UTF8*$!
{
	archiveVersion = 1;
	classes = {
	};
	objectVersion = 70;
	objects = {

/* Begin PBXBuildFile section */
		SN01000000000001 /* SensorsSampleApp.swift in Sources */ = {isa = PBXBuildFile; fileRef = SN02000000000002 /* SensorsSampleApp.swift */; };
		SN01000000000002 /* InputLogStore.swift in Sources */ = {isa = PBXBuildFile; fileRef = SN02000000000003 /* InputLogStore.swift */; };
		SN01000000000003 /* DebugMenuViewModel.swift in Sources */ = {isa = PBXBuildFile; fileRef = SN02000000000004 /* DebugMenuViewModel.swift */; };
		SN01000000000004 /* PlaygroundViewModel.swift in Sources */ = {isa = PBXBuildFile; fileRef = SN02000000000005 /* PlaygroundViewModel.swift */; };
		SN01000000000005 /* WearablesViewModel.swift in Sources */ = {isa = PBXBuildFile; fileRef = SN02000000000006 /* WearablesViewModel.swift */; };
		SN01000000000006 /* CaptionView.swift in Sources */ = {isa = PBXBuildFile; fileRef = SN02000000000007 /* CaptionView.swift */; };
		SN01000000000007 /* DebugMenuView.swift in Sources */ = {isa = PBXBuildFile; fileRef = SN02000000000008 /* DebugMenuView.swift */; };
		SN01000000000008 /* AppTheme.swift in Sources */ = {isa = PBXBuildFile; fileRef = SN02000000000009 /* AppTheme.swift */; };
		SN01000000000009 /* InputHUDView.swift in Sources */ = {isa = PBXBuildFile; fileRef = SN0200000000000A /* InputHUDView.swift */; };
		SN0100000000000A /* MainAppView.swift in Sources */ = {isa = PBXBuildFile; fileRef = SN0200000000000B /* MainAppView.swift */; };
		SN0100000000000B /* MockDeviceKitSheet.swift in Sources */ = {isa = PBXBuildFile; fileRef = SN0200000000000C /* MockDeviceKitSheet.swift */; };
		SN0100000000000C /* RegistrationView.swift in Sources */ = {isa = PBXBuildFile; fileRef = SN0200000000000D /* RegistrationView.swift */; };
		SN0100000000000D /* WireframeGlassesView.swift in Sources */ = {isa = PBXBuildFile; fileRef = SN0200000000000E /* WireframeGlassesView.swift */; };
		SN0100000000000E /* Assets.xcassets in Resources */ = {isa = PBXBuildFile; fileRef = SN0200000000000F /* Assets.xcassets */; };
		SN0100000000000F /* MWDATCore in Frameworks */ = {isa = PBXBuildFile; productRef = SN0A000000000001 /* MWDATCore */; };
		SN01000000000010 /* MWDATMotion in Frameworks */ = {isa = PBXBuildFile; productRef = SN0A000000000002 /* MWDATMotion */; };
		SN01000000000011 /* MWDATInputs in Frameworks */ = {isa = PBXBuildFile; productRef = SN0A000000000003 /* MWDATInputs */; };
		SN01000000000012 /* MWDATSpeech in Frameworks */ = {isa = PBXBuildFile; productRef = SN0A000000000004 /* MWDATSpeech */; };
		SN01000000000013 /* MWDATMockDevice in Frameworks */ = {isa = PBXBuildFile; productRef = SN0A000000000005 /* MWDATMockDevice */; };
/* End PBXBuildFile section */

/* Begin PBXFileReference section */
		SN02000000000001 /* SensorsSample.app */ = {isa = PBXFileReference; explicitFileType = wrapper.application; includeInIndex = 0; path = SensorsSample.app; sourceTree = BUILT_PRODUCTS_DIR; };
		SN02000000000002 /* SensorsSampleApp.swift */ = {isa = PBXFileReference; lastKnownFileType = sourcecode.swift; path = SensorsSampleApp.swift; sourceTree = "<group>"; };
		SN02000000000003 /* InputLogStore.swift */ = {isa = PBXFileReference; lastKnownFileType = sourcecode.swift; path = InputLogStore.swift; sourceTree = "<group>"; };
		SN02000000000004 /* DebugMenuViewModel.swift */ = {isa = PBXFileReference; lastKnownFileType = sourcecode.swift; path = DebugMenuViewModel.swift; sourceTree = "<group>"; };
		SN02000000000005 /* PlaygroundViewModel.swift */ = {isa = PBXFileReference; lastKnownFileType = sourcecode.swift; path = PlaygroundViewModel.swift; sourceTree = "<group>"; };
		SN02000000000006 /* WearablesViewModel.swift */ = {isa = PBXFileReference; lastKnownFileType = sourcecode.swift; path = WearablesViewModel.swift; sourceTree = "<group>"; };
		SN02000000000007 /* CaptionView.swift */ = {isa = PBXFileReference; lastKnownFileType = sourcecode.swift; path = CaptionView.swift; sourceTree = "<group>"; };
		SN02000000000008 /* DebugMenuView.swift */ = {isa = PBXFileReference; lastKnownFileType = sourcecode.swift; path = DebugMenuView.swift; sourceTree = "<group>"; };
		SN02000000000009 /* AppTheme.swift */ = {isa = PBXFileReference; lastKnownFileType = sourcecode.swift; path = AppTheme.swift; sourceTree = "<group>"; };
		SN0200000000000A /* InputHUDView.swift */ = {isa = PBXFileReference; lastKnownFileType = sourcecode.swift; path = InputHUDView.swift; sourceTree = "<group>"; };
		SN0200000000000B /* MainAppView.swift */ = {isa = PBXFileReference; lastKnownFileType = sourcecode.swift; path = MainAppView.swift; sourceTree = "<group>"; };
		SN0200000000000C /* MockDeviceKitSheet.swift */ = {isa = PBXFileReference; lastKnownFileType = sourcecode.swift; path = MockDeviceKitSheet.swift; sourceTree = "<group>"; };
		SN0200000000000D /* RegistrationView.swift */ = {isa = PBXFileReference; lastKnownFileType = sourcecode.swift; path = RegistrationView.swift; sourceTree = "<group>"; };
		SN0200000000000E /* WireframeGlassesView.swift */ = {isa = PBXFileReference; lastKnownFileType = sourcecode.swift; path = WireframeGlassesView.swift; sourceTree = "<group>"; };
		SN0200000000000F /* Assets.xcassets */ = {isa = PBXFileReference; lastKnownFileType = folder.assetcatalog; path = Assets.xcassets; sourceTree = "<group>"; };
		SN02000000000010 /* SensorsSample.entitlements */ = {isa = PBXFileReference; lastKnownFileType = text.plist.entitlements; path = SensorsSample.entitlements; sourceTree = "<group>"; };
		SN02000000000011 /* Info.plist */ = {isa = PBXFileReference; lastKnownFileType = text.plist.xml; path = Info.plist; sourceTree = "<group>"; };
/* End PBXFileReference section */

/* Begin PBXFrameworksBuildPhase section */
		SN05000000000002 /* Frameworks */ = {
			isa = PBXFrameworksBuildPhase;
			buildActionMask = 2147483647;
			files = (
				SN0100000000000F /* MWDATCore in Frameworks */,
				SN01000000000010 /* MWDATMotion in Frameworks */,
				SN01000000000011 /* MWDATInputs in Frameworks */,
				SN01000000000012 /* MWDATSpeech in Frameworks */,
				SN01000000000013 /* MWDATMockDevice in Frameworks */,
			);
			runOnlyForDeploymentPostprocessing = 0;
		};
/* End PBXFrameworksBuildPhase section */

/* Begin PBXGroup section */
		SN03000000000001 = {
			isa = PBXGroup;
			children = (
				SN03000000000003 /* SensorsSample */,
				SN03000000000002 /* Products */,
			);
			sourceTree = "<group>";
		};
		SN03000000000002 /* Products */ = {
			isa = PBXGroup;
			children = (
				SN02000000000001 /* SensorsSample.app */,
			);
			name = Products;
			sourceTree = "<group>";
		};
		SN03000000000003 /* SensorsSample */ = {
			isa = PBXGroup;
			children = (
				SN03000000000004 /* Store */,
				SN03000000000005 /* ViewModels */,
				SN03000000000006 /* Views */,
				SN0200000000000F /* Assets.xcassets */,
				SN02000000000010 /* SensorsSample.entitlements */,
				SN02000000000002 /* SensorsSampleApp.swift */,
				SN02000000000011 /* Info.plist */,
			);
			path = SensorsSample;
			sourceTree = "<group>";
		};
		SN03000000000004 /* Store */ = {
			isa = PBXGroup;
			children = (
				SN02000000000003 /* InputLogStore.swift */,
			);
			path = Store;
			sourceTree = "<group>";
		};
		SN03000000000005 /* ViewModels */ = {
			isa = PBXGroup;
			children = (
				SN02000000000004 /* DebugMenuViewModel.swift */,
				SN02000000000005 /* PlaygroundViewModel.swift */,
				SN02000000000006 /* WearablesViewModel.swift */,
			);
			path = ViewModels;
			sourceTree = "<group>";
		};
		SN03000000000006 /* Views */ = {
			isa = PBXGroup;
			children = (
				SN02000000000007 /* CaptionView.swift */,
				SN02000000000008 /* DebugMenuView.swift */,
				SN02000000000009 /* AppTheme.swift */,
				SN0200000000000A /* InputHUDView.swift */,
				SN0200000000000B /* MainAppView.swift */,
				SN0200000000000C /* MockDeviceKitSheet.swift */,
				SN0200000000000D /* RegistrationView.swift */,
				SN0200000000000E /* WireframeGlassesView.swift */,
			);
			path = Views;
			sourceTree = "<group>";
		};
/* End PBXGroup section */

/* Begin PBXNativeTarget section */
		SN04000000000001 /* SensorsSample */ = {
			isa = PBXNativeTarget;
			buildConfigurationList = SN07000000000001 /* Build configuration list for PBXNativeTarget "SensorsSample" */;
			buildPhases = (
				SN05000000000001 /* Sources */,
				SN05000000000002 /* Frameworks */,
				SN05000000000003 /* Resources */,
			);
			buildRules = (
			);
			dependencies = (
			);
			name = SensorsSample;
			packageProductDependencies = (
				SN0A000000000001 /* MWDATCore */,
				SN0A000000000002 /* MWDATMotion */,
				SN0A000000000003 /* MWDATInputs */,
				SN0A000000000004 /* MWDATSpeech */,
				SN0A000000000005 /* MWDATMockDevice */,
			);
			productName = SensorsSample;
			productReference = SN02000000000001 /* SensorsSample.app */;
			productType = "com.apple.product-type.application";
		};
/* End PBXNativeTarget section */

/* Begin PBXProject section */
		SN08000000000001 /* Project object */ = {
			isa = PBXProject;
			attributes = {
				LastSwiftUpdateCheck = 2620;
				LastUpgradeCheck = 1250;
				TargetAttributes = {
					SN04000000000001 = {
						CreatedOnToolsVersion = 12.5;
					};
				};
			};
			buildConfigurationList = SN07000000000002 /* Build configuration list for PBXProject "SensorsSample" */;
			compatibilityVersion = "Xcode 9.3";
			developmentRegion = en;
			hasScannedForEncodings = 0;
			knownRegions = (
				en,
				Base,
			);
			mainGroup = SN03000000000001;
			packageReferences = (
				SN09000000000001 /* XCRemoteSwiftPackageReference "meta-wearables-dat-ios" */,
			);
			productRefGroup = SN03000000000002 /* Products */;
			projectDirPath = "";
			projectRoot = "";
			targets = (
				SN04000000000001 /* SensorsSample */,
			);
		};
/* End PBXProject section */

/* Begin PBXResourcesBuildPhase section */
		SN05000000000003 /* Resources */ = {
			isa = PBXResourcesBuildPhase;
			buildActionMask = 2147483647;
			files = (
				SN0100000000000E /* Assets.xcassets in Resources */,
			);
			runOnlyForDeploymentPostprocessing = 0;
		};
/* End PBXResourcesBuildPhase section */

/* Begin PBXSourcesBuildPhase section */
		SN05000000000001 /* Sources */ = {
			isa = PBXSourcesBuildPhase;
			buildActionMask = 2147483647;
			files = (
				SN01000000000001 /* SensorsSampleApp.swift in Sources */,
				SN01000000000002 /* InputLogStore.swift in Sources */,
				SN01000000000003 /* DebugMenuViewModel.swift in Sources */,
				SN01000000000004 /* PlaygroundViewModel.swift in Sources */,
				SN01000000000005 /* WearablesViewModel.swift in Sources */,
				SN01000000000006 /* CaptionView.swift in Sources */,
				SN01000000000007 /* DebugMenuView.swift in Sources */,
				SN01000000000008 /* AppTheme.swift in Sources */,
				SN01000000000009 /* InputHUDView.swift in Sources */,
				SN0100000000000A /* MainAppView.swift in Sources */,
				SN0100000000000B /* MockDeviceKitSheet.swift in Sources */,
				SN0100000000000C /* RegistrationView.swift in Sources */,
				SN0100000000000D /* WireframeGlassesView.swift in Sources */,
			);
			runOnlyForDeploymentPostprocessing = 0;
		};
/* End PBXSourcesBuildPhase section */

/* Begin XCBuildConfiguration section */
		SN06000000000001 /* Debug */ = {
			isa = XCBuildConfiguration;
			buildSettings = {
				ASSETCATALOG_COMPILER_APPICON_NAME = AppIcon;
				ASSETCATALOG_COMPILER_GENERATE_SWIFT_ASSET_SYMBOL_EXTENSIONS = YES;
				ASSETCATALOG_COMPILER_GLOBAL_ACCENT_COLOR_NAME = AccentColor;
				CODE_SIGN_ENTITLEMENTS = SensorsSample/SensorsSample.entitlements;
				CODE_SIGN_STYLE = Automatic;
				CURRENT_PROJECT_VERSION = 1;
				DEVELOPMENT_ASSET_PATHS = "";
				DEVELOPMENT_TEAM = "";
				ENABLE_PREVIEWS = YES;
				FRAMEWORK_SEARCH_PATHS = "";
				INFOPLIST_FILE = SensorsSample/Info.plist;
				IPHONEOS_DEPLOYMENT_TARGET = 17.2;
				LD_RUNPATH_SEARCH_PATHS = (
					"$(inherited)",
					"@executable_path/Frameworks",
				);
				MARKETING_VERSION = 1.0;
				PRODUCT_BUNDLE_IDENTIFIER = com.meta.wearables.external.SensorsSample;
				PRODUCT_NAME = "$(TARGET_NAME)";
				SWIFT_VERSION = 6.0;
				TARGETED_DEVICE_FAMILY = "1,2";
			};
			name = Debug;
		};
		SN06000000000002 /* Release */ = {
			isa = XCBuildConfiguration;
			buildSettings = {
				ASSETCATALOG_COMPILER_APPICON_NAME = AppIcon;
				ASSETCATALOG_COMPILER_GENERATE_SWIFT_ASSET_SYMBOL_EXTENSIONS = YES;
				ASSETCATALOG_COMPILER_GLOBAL_ACCENT_COLOR_NAME = AccentColor;
				CODE_SIGN_ENTITLEMENTS = SensorsSample/SensorsSample.entitlements;
				CODE_SIGN_STYLE = Automatic;
				CURRENT_PROJECT_VERSION = 1;
				DEVELOPMENT_ASSET_PATHS = "";
				DEVELOPMENT_TEAM = "";
				ENABLE_PREVIEWS = YES;
				INFOPLIST_FILE = SensorsSample/Info.plist;
				IPHONEOS_DEPLOYMENT_TARGET = 17.2;
				LD_RUNPATH_SEARCH_PATHS = (
					"$(inherited)",
					"@executable_path/Frameworks",
				);
				MARKETING_VERSION = 1.0;
				PRODUCT_BUNDLE_IDENTIFIER = com.meta.wearables.external.SensorsSample;
				PRODUCT_NAME = "$(TARGET_NAME)";
				SWIFT_VERSION = 6.0;
				TARGETED_DEVICE_FAMILY = "1,2";
			};
			name = Release;
		};
		SN06000000000003 /* Debug */ = {
			isa = XCBuildConfiguration;
			buildSettings = {
				ALWAYS_SEARCH_USER_PATHS = NO;
				CLANG_ANALYZER_NONNULL = YES;
				CLANG_ANALYZER_NUMBER_OBJECT_CONVERSION = YES_AGGRESSIVE;
				CLANG_CXX_LANGUAGE_STANDARD = "gnu++14";
				CLANG_CXX_LIBRARY = "libc++";
				CLANG_ENABLE_MODULES = YES;
				CLANG_ENABLE_OBJC_ARC = YES;
				CLANG_ENABLE_OBJC_WEAK = YES;
				CLANG_WARN_BLOCK_CAPTURE_AUTORELEASING = YES;
				CLANG_WARN_BOOL_CONVERSION = YES;
				CLANG_WARN_COMMA = YES;
				CLANG_WARN_CONSTANT_CONVERSION = YES;
				CLANG_WARN_DEPRECATED_OBJC_IMPLEMENTATIONS = YES;
				CLANG_WARN_DIRECT_OBJC_ISA_USAGE = YES_ERROR;
				CLANG_WARN_DOCUMENTATION_COMMENTS = YES;
				CLANG_WARN_EMPTY_BODY = YES;
				CLANG_WARN_ENUM_CONVERSION = YES;
				CLANG_WARN_INFINITE_RECURSION = YES;
				CLANG_WARN_INT_CONVERSION = YES;
				CLANG_WARN_NON_LITERAL_NULL_CONVERSION = YES;
				CLANG_WARN_OBJC_IMPLICIT_RETAIN_SELF = YES;
				CLANG_WARN_OBJC_LITERAL_CONVERSION = YES;
				CLANG_WARN_OBJC_ROOT_CLASS = YES_ERROR;
				CLANG_WARN_QUOTED_INCLUDE_IN_FRAMEWORK_HEADER = YES;
				CLANG_WARN_RANGE_LOOP_ANALYSIS = YES;
				CLANG_WARN_STRICT_PROTOTYPES = YES;
				CLANG_WARN_SUSPICIOUS_MOVE = YES;
				CLANG_WARN_UNGUARDED_AVAILABILITY = YES_AGGRESSIVE;
				CLANG_WARN_UNREACHABLE_CODE = YES;
				CLANG_WARN__DUPLICATE_METHOD_MATCH = YES;
				COPY_PHASE_STRIP = NO;
				DEBUG_INFORMATION_FORMAT = dwarf;
				ENABLE_STRICT_OBJC_MSGSEND = YES;
				ENABLE_TESTABILITY = YES;
				GCC_C_LANGUAGE_STANDARD = gnu11;
				GCC_DYNAMIC_NO_PIC = NO;
				GCC_NO_COMMON_BLOCKS = YES;
				GCC_OPTIMIZATION_LEVEL = 0;
				GCC_PREPROCESSOR_DEFINITIONS = (
					"DEBUG=1",
					"$(inherited)",
				);
				GCC_WARN_64_TO_32_BIT_CONVERSION = YES;
				GCC_WARN_ABOUT_RETURN_TYPE = YES_ERROR;
				GCC_WARN_UNDECLARED_SELECTOR = YES;
				GCC_WARN_UNINITIALIZED_AUTOS = YES_AGGRESSIVE;
				GCC_WARN_UNUSED_FUNCTION = YES;
				GCC_WARN_UNUSED_VARIABLE = YES;
				IPHONEOS_DEPLOYMENT_TARGET = 17.2;
				MTL_ENABLE_DEBUG_INFO = INCLUDE_SOURCE;
				MTL_FAST_MATH = YES;
				ONLY_ACTIVE_ARCH = YES;
				SDKROOT = iphoneos;
				SWIFT_ACTIVE_COMPILATION_CONDITIONS = DEBUG;
				SWIFT_OPTIMIZATION_LEVEL = "-Onone";
			};
			name = Debug;
		};
		SN06000000000004 /* Release */ = {
			isa = XCBuildConfiguration;
			buildSettings = {
				ALWAYS_SEARCH_USER_PATHS = NO;
				CLANG_ANALYZER_NONNULL = YES;
				CLANG_ANALYZER_NUMBER_OBJECT_CONVERSION = YES_AGGRESSIVE;
				CLANG_CXX_LANGUAGE_STANDARD = "gnu++14";
				CLANG_CXX_LIBRARY = "libc++";
				CLANG_ENABLE_MODULES = YES;
				CLANG_ENABLE_OBJC_ARC = YES;
				CLANG_ENABLE_OBJC_WEAK = YES;
				CLANG_WARN_BLOCK_CAPTURE_AUTORELEASING = YES;
				CLANG_WARN_BOOL_CONVERSION = YES;
				CLANG_WARN_COMMA = YES;
				CLANG_WARN_CONSTANT_CONVERSION = YES;
				CLANG_WARN_DEPRECATED_OBJC_IMPLEMENTATIONS = YES;
				CLANG_WARN_DIRECT_OBJC_ISA_USAGE = YES_ERROR;
				CLANG_WARN_DOCUMENTATION_COMMENTS = YES;
				CLANG_WARN_EMPTY_BODY = YES;
				CLANG_WARN_ENUM_CONVERSION = YES;
				CLANG_WARN_INFINITE_RECURSION = YES;
				CLANG_WARN_INT_CONVERSION = YES;
				CLANG_WARN_NON_LITERAL_NULL_CONVERSION = YES;
				CLANG_WARN_OBJC_IMPLICIT_RETAIN_SELF = YES;
				CLANG_WARN_OBJC_LITERAL_CONVERSION = YES;
				CLANG_WARN_OBJC_ROOT_CLASS = YES_ERROR;
				CLANG_WARN_QUOTED_INCLUDE_IN_FRAMEWORK_HEADER = YES;
				CLANG_WARN_RANGE_LOOP_ANALYSIS = YES;
				CLANG_WARN_STRICT_PROTOTYPES = YES;
				CLANG_WARN_SUSPICIOUS_MOVE = YES;
				CLANG_WARN_UNGUARDED_AVAILABILITY = YES_AGGRESSIVE;
				CLANG_WARN_UNREACHABLE_CODE = YES;
				CLANG_WARN__DUPLICATE_METHOD_MATCH = YES;
				COPY_PHASE_STRIP = NO;
				DEBUG_INFORMATION_FORMAT = "dwarf-with-dsym";
				ENABLE_NS_ASSERTIONS = NO;
				ENABLE_STRICT_OBJC_MSGSEND = YES;
				GCC_C_LANGUAGE_STANDARD = gnu11;
				GCC_NO_COMMON_BLOCKS = YES;
				GCC_WARN_64_TO_32_BIT_CONVERSION = YES;
				GCC_WARN_ABOUT_RETURN_TYPE = YES_ERROR;
				GCC_WARN_UNDECLARED_SELECTOR = YES;
				GCC_WARN_UNINITIALIZED_AUTOS = YES_AGGRESSIVE;
				GCC_WARN_UNUSED_FUNCTION = YES;
				GCC_WARN_UNUSED_VARIABLE = YES;
				IPHONEOS_DEPLOYMENT_TARGET = 17.2;
				MTL_ENABLE_DEBUG_INFO = NO;
				MTL_FAST_MATH = YES;
				SDKROOT = iphoneos;
				SWIFT_COMPILATION_MODE = wholemodule;
				SWIFT_OPTIMIZATION_LEVEL = "-O";
				VALIDATE_PRODUCT = YES;
			};
			name = Release;
		};
/* End XCBuildConfiguration section */

/* Begin XCConfigurationList section */
		SN07000000000001 /* Build configuration list for PBXNativeTarget "SensorsSample" */ = {
			isa = XCConfigurationList;
			buildConfigurations = (
				SN06000000000001 /* Debug */,
				SN06000000000002 /* Release */,
			);
			defaultConfigurationIsVisible = 0;
			defaultConfigurationName = Release;
		};
		SN07000000000002 /* Build configuration list for PBXProject "SensorsSample" */ = {
			isa = XCConfigurationList;
			buildConfigurations = (
				SN06000000000003 /* Debug */,
				SN06000000000004 /* Release */,
			);
			defaultConfigurationIsVisible = 0;
			defaultConfigurationName = Release;
		};
/* End XCConfigurationList section */

/* Begin XCRemoteSwiftPackageReference section */
		SN09000000000001 /* XCRemoteSwiftPackageReference "meta-wearables-dat-ios" */ = {
			isa = XCRemoteSwiftPackageReference;
			repositoryURL = "https://github.com/facebook/meta-wearables-dat-ios";
			requirement = {
				kind = exactVersion;
				version = 1.0.0;
			};
		};
/* End XCRemoteSwiftPackageReference section */

/* Begin XCSwiftPackageProductDependency section */
		SN0A000000000001 /* MWDATCore */ = {
			isa = XCSwiftPackageProductDependency;
			package = SN09000000000001 /* XCRemoteSwiftPackageReference "meta-wearables-dat-ios" */;
			productName = MWDATCore;
		};
		SN0A000000000002 /* MWDATMotion */ = {
			isa = XCSwiftPackageProductDependency;
			package = SN09000000000001 /* XCRemoteSwiftPackageReference "meta-wearables-dat-ios" */;
			productName = MWDATMotion;
		};
		SN0A000000000003 /* MWDATInputs */ = {
			isa = XCSwiftPackageProductDependency;
			package = SN09000000000001 /* XCRemoteSwiftPackageReference "meta-wearables-dat-ios" */;
			productName = MWDATInputs;
		};
		SN0A000000000004 /* MWDATSpeech */ = {
			isa = XCSwiftPackageProductDependency;
			package = SN09000000000001 /* XCRemoteSwiftPackageReference "meta-wearables-dat-ios" */;
			productName = MWDATSpeech;
		};
		SN0A000000000005 /* MWDATMockDevice */ = {
			isa = XCSwiftPackageProductDependency;
			package = SN09000000000001 /* XCRemoteSwiftPackageReference "meta-wearables-dat-ios" */;
			productName = MWDATMockDevice;
		};
/* End XCSwiftPackageProductDependency section */
	};
	rootObject = SN08000000000001 /* Project object */;
}
